
Microsoft Visual Studio Solution File, Format Version 12.00
# Visual Studio 14
VisualStudioVersion = 14.0.25420.1
MinimumVisualStudioVersion = 10.0.40219.1
Project("{FAE04EC0-301F-11D3-BF4B-00C04F79EFBC}") = "AstronomicalCatalogLibrary", "AstronomicalCatalogLibrary\AstronomicalCatalogLibrary.csproj", "{F32C8FFE-74B2-4F90-95E1-742E4ED9C6FE}"
EndProject
Global
	GlobalSection(SolutionConfigurationPlatforms) = preSolution
		Debug|Any CPU = Debug|Any CPU
		Release|Any CPU = Release|Any CPU
	EndGlobalSection
	GlobalSection(ProjectConfigurationPlatforms) = postSolution
		{F32C8FFE-74B2-4F90-95E1-742E4ED9C6FE}.Debug|Any CPU.ActiveCfg = Debug|Any CPU
		{F32C8FFE-74B2-4F90-95E1-742E4ED9C6FE}.Debug|Any CPU.Build.0 = Debug|Any CPU
		{F32C8FFE-74B2-4F90-95E1-742E4ED9C6FE}.Release|Any CPU.ActiveCfg = Release|Any CPU
		{F32C8FFE-74B2-4F90-95E1-742E4ED9C6FE}.Release|Any CPU.Build.0 = Release|Any CPU
	EndGlobalSection
	GlobalSection(SolutionProperties) = preSolution
		HideSolutionNode = FALSE
	EndGlobalSection
	GlobalSection(ExtensibilityGlobals) = postSolution
		SolutionGuid = {A4C042D5-1984-4D6E-8501-1B0AC4BA53B6}
	EndGlobalSection
EndGlobal
